
Microsoft Visual Studio Solution File, Format Version 12.00
# Visual Studio Version 16
VisualStudioVersion = 16.0.28407.52
MinimumVisualStudioVersion = 10.0.40219.1
Project("{9A19103F-16F7-4668-BE54-9A1E7A4F7556}") = "Server", "WPDotNetSalts\Server\Server.csproj", "{5EB75930-807F-4641-A515-EFA3424082C8}"
EndProject
Project("{13B669BE-BB05-4DDF-9536-439F39A36129}") = "WPDotNetSalts", "WPDotNetSalts\WPDotNetSalts\WPDotNetSalts.msbuildproj", "{B3EC8459-523F-451D-96E0-C41938FF43C9}"
EndProject
Project("{2150E333-8FDC-42A3-9474-1A3956D46DE8}") = "Solution Items", "Solution Items", "{1ED87B2A-A883-40F2-AE46-19BEC9792F99}"
	ProjectSection(SolutionItems) = preProject
		.github\workflows\master_wpdotnet-salts.yml = .github\workflows\master_wpdotnet-salts.yml
	EndProjectSection
EndProject
Global
	GlobalSection(SolutionConfigurationPlatforms) = preSolution
		Debug|Any CPU = Debug|Any CPU
		Release|Any CPU = Release|Any CPU
	EndGlobalSection
	GlobalSection(ProjectConfigurationPlatforms) = postSolution
		{5EB75930-807F-4641-A515-EFA3424082C8}.Debug|Any CPU.ActiveCfg = Debug|Any CPU
		{5EB75930-807F-4641-A515-EFA3424082C8}.Debug|Any CPU.Build.0 = Debug|Any CPU
		{5EB75930-807F-4641-A515-EFA3424082C8}.Release|Any CPU.ActiveCfg = Release|Any CPU
		{5EB75930-807F-4641-A515-EFA3424082C8}.Release|Any CPU.Build.0 = Release|Any CPU
		{B3EC8459-523F-451D-96E0-C41938FF43C9}.Debug|Any CPU.ActiveCfg = Debug|Any CPU
		{B3EC8459-523F-451D-96E0-C41938FF43C9}.Debug|Any CPU.Build.0 = Debug|Any CPU
		{B3EC8459-523F-451D-96E0-C41938FF43C9}.Release|Any CPU.ActiveCfg = Release|Any CPU
		{B3EC8459-523F-451D-96E0-C41938FF43C9}.Release|Any CPU.Build.0 = Release|Any CPU
	EndGlobalSection
	GlobalSection(SolutionProperties) = preSolution
		HideSolutionNode = FALSE
	EndGlobalSection
	GlobalSection(ExtensibilityGlobals) = postSolution
		SolutionGuid = {C617E2E4-13BB-4A77-9EC4-F807B5E210A5}
	EndGlobalSection
EndGlobal
